# THIS IS AN AUTOGENERATED FILE. DO NOT EDIT THIS FILE DIRECTLY.
# yarn lockfile v1


"@axe-core/playwright@^4.11.3":
  version "4.11.3"
  resolved "https://registry.yarnpkg.com/@axe-core/playwright/-/playwright-4.11.3.tgz#cefcb8e25c90598b20c09745982ae9db0d483fff"
  integrity sha512-h/kfksv4F0cVIDlKpT4700OehdRgpvuVskuQ2nb7/JmtWUXpe9ftHAPtwyXGvVSsa6SJ64A9ER7Zrzc/sIvC4w==
  dependencies:
    axe-core "~4.11.4"

"@playwright/test@1.56.1":
  version "1.56.1"
  resolved "https://registry.npmjs.org/@playwright/test/-/test-1.56.1.tgz"
  integrity sha512-vSMYtL/zOcFpvJCW71Q/OEGQb7KYBPAdKh35WNSkaZA75JlAO8ED8UN6GUNTm3drWomcbcqRPFqQbLae8yBTdg==
  dependencies:
    playwright "1.56.1"

axe-core@~4.11.4:
  version "4.11.4"
  resolved "https://registry.yarnpkg.com/axe-core/-/axe-core-4.11.4.tgz#5b535e381ff1e61ffdd615e5483d16186d3b46a5"
  integrity sha512-KunSNx+TVpkAw/6ULfhnx+HWRecjqZGTOyquAoWHYLRSdK1tB5Ihce1ZW+UY3fj33bYAFWPu7W/GRSmmrCGuxA==

fsevents@2.3.2:
  version "2.3.2"
  resolved "https://registry.yarnpkg.com/fsevents/-/fsevents-2.3.2.tgz#8a526f78b8fdf4623b709e0b975c52c24c02fd1a"
  integrity sha512-xiqMQR4xAeHTuB9uWm+fFRcIOgKBMiOBP+eXiyT7jsgVCq1bkVygt00oASowB7EdtpOHaaPgKt812P9ab+DDKA==

playwright-core@1.56.1:
  version "1.56.1"
  resolved "https://registry.npmjs.org/playwright-core/-/playwright-core-1.56.1.tgz"
  integrity sha512-hutraynyn31F+Bifme+Ps9Vq59hKuUCz7H1kDOcBs+2oGguKkWTU50bBWrtz34OUWmIwpBTWDxaRPXrIXkgvmQ==

playwright@1.56.1:
  version "1.56.1"
  resolved "https://registry.npmjs.org/playwright/-/playwright-1.56.1.tgz"
  integrity sha512-aFi5B0WovBHTEvpM3DzXTUaeN6eN0qWnTkKx4NQaH4Wvcmc153PdaY2UBdSYKaGYw+UyWXSVyxDUg5DoPEttjw==
  dependencies:
    playwright-core "1.56.1"
  optionalDependencies:
    fsevents "2.3.2"

typescript@^5.0.0:
  version "5.9.3"
  resolved "https://registry.npmjs.org/typescript/-/typescript-5.9.3.tgz"
  integrity sha512-jl1vZzPDinLr9eUt3J/t7V6FgNEw9QjvBPdysz9KfQDD41fQrC2Y4vKQdiaUpFT4bXlb1RHhLpp8wtm6M5TgSw==
