schema = "reprobuild.solved-graph-lock.v2"

[lock]
platform = "amd64-linux"
optimal = true
inputs_digest = "fnv1a64:5f8f62ac9d7bf36c"
variants = [{ name = "buildType", value = "debug" }]
packages = [{ name = "attic-client", version = "0.0.0", source = "attic-client" }, { name = "bash", version = "4.0.0", source = "bash" }, { name = "bpftool", version = "0.0.0", source = "bpftool" }, { name = "bpftrace", version = "0.0.0", source = "bpftrace" }, { name = "capnp", version = "0.0.0", source = "capnp" }, { name = "cargo", version = "1.0.0", source = "cargo" }, { name = "cargo-nextest", version = "0.0.0", source = "cargo-nextest" }, { name = "clang", version = "1.0.0", source = "clang" }, { name = "codeTracer", version = "0.1.0", source = "codeTracer" }, { name = "ctags", version = "0.0.0", source = "ctags" }, { name = "curl", version = "0.0.0", source = "curl" }, { name = "dpkg", version = "0.0.0", source = "dpkg" }, { name = "electron", version = "0.0.0", source = "electron" }, { name = "emcc", version = "0.0.0", source = "emcc" }, { name = "flake8", version = "0.0.0", source = "flake8" }, { name = "gcc", version = "12.0.0", source = "gcc" }, { name = "gh", version = "0.0.0", source = "gh" }, { name = "git", version = "2.0.0", source = "git" }, { name = "isonim", version = "0.1.0", source = "isonim" }, { name = "isonim-render-serve", version = "1.0.0", source = "isonim-render-serve" }, { name = "just", version = "1.0.0", source = "just" }, { name = "llvm-config", version = "0.0.0", source = "llvm-config" }, { name = "mdbook", version = "0.0.0", source = "mdbook" }, { name = "nim", version = "2.0.0", source = "nim" }, { name = "nim-acp", version = "0.0.0", source = "nim-acp" }, { name = "nim-agent-harbor", version = "1.0.0", source = "nim-agent-harbor" }, { name = "nim-agents", version = "1.0.0", source = "nim-agents" }, { name = "nim-everywhere", version = "0.0.0", source = "nim-everywhere" }, { name = "nim_acp", version = "0.1.0", source = "nim_acp" }, { name = "nim_agent_harbor", version = "0.1.0", source = "nim_agent_harbor" }, { name = "nim_agents", version = "0.1.0", source = "nim_agents" }, { name = "nim_everywhere", version = "0.1.0", source = "nim_everywhere" }, { name = "nimble", version = "0.0.0", source = "nimble" }, { name = "nix", version = "2.0.0", source = "nix" }, { name = "node", version = "20.0.0", source = "node" }, { name = "npx", version = "0.0.0", source = "npx" }, { name = "openssl", version = "0.0.0", source = "openssl" }, { name = "pcre-config", version = "0.0.0", source = "pcre-config" }, { name = "pkg-config", version = "0.0.0", source = "pkg-config" }, { name = "playwright", version = "0.0.0", source = "playwright" }, { name = "python3", version = "3.0.0", source = "python3" }, { name = "rg", version = "0.0.0", source = "rg" }, { name = "ruby", version = "0.0.0", source = "ruby" }, { name = "rust-analyzer", version = "0.0.0", source = "rust-analyzer" }, { name = "rustc", version = "1.0.0", source = "rustc" }, { name = "rustfmt", version = "1.0.0", source = "rustfmt" }, { name = "rustup", version = "1.0.0", source = "rustup" }, { name = "sh", version = "1.0.0", source = "sh" }, { name = "shellcheck", version = "0.0.0", source = "shellcheck" }, { name = "sqlite3", version = "0.0.0", source = "sqlite3" }, { name = "tmux", version = "0.0.0", source = "tmux" }, { name = "tree-sitter", version = "0.0.0", source = "tree-sitter" }, { name = "tup", version = "0.0.0", source = "tup" }, { name = "vim", version = "0.0.0", source = "vim" }, { name = "wasm-opt", version = "0.0.0", source = "wasm-opt" }, { name = "wasm-pack", version = "0.0.0", source = "wasm-pack" }, { name = "webpack-cli", version = "0.0.0", source = "webpack-cli" }, { name = "wget", version = "0.0.0", source = "wget" }, { name = "xdotool", version = "0.0.0", source = "xdotool" }, { name = "xvfb-run", version = "0.0.0", source = "xvfb-run" }, { name = "yarn", version = "1.0.0", source = "yarn" }, { name = "zstd", version = "0.0.0", source = "zstd" }]
deps = [{ name = "codetracer", path = ".", coord_kind = "vcs", url = "https://github.com/metacraft-labs/codetracer", ref = "dev", revision = "e2c85e9b47003153ed6df5dde66266233f961501", integrity = "git-sha1:e2c85e9b47003153ed6df5dde66266233f961501", version = "", visibility = "public", participation = "", depends = "isonim,nim-acp,nim-agent-harbor,nim-agents,nim-everywhere", groups = "" }, { name = "isonim", path = "../isonim", coord_kind = "vcs", url = "https://github.com/metacraft-labs/isonim", ref = "dev", revision = "e82b819d2d05efb6023a966e886fdbec6d1660cb", integrity = "git-sha1:e82b819d2d05efb6023a966e886fdbec6d1660cb", version = "", visibility = "public", participation = "", depends = "", groups = "" }, { name = "nim-acp", path = "../nim-acp", coord_kind = "vcs", url = "https://github.com/metacraft-labs/nim-acp", ref = "dev", revision = "5097adb4b6827dea2e1a7e580a496a7160507b76", integrity = "git-sha1:5097adb4b6827dea2e1a7e580a496a7160507b76", version = "", visibility = "public", participation = "", depends = "", groups = "" }, { name = "nim-agent-harbor", path = "../nim-agent-harbor", coord_kind = "vcs", url = "https://github.com/metacraft-labs/nim-agent-harbor", ref = "dev", revision = "e95cae45e6c316bed492955153e1e4fcb4dfca1f", integrity = "git-sha1:e95cae45e6c316bed492955153e1e4fcb4dfca1f", version = "", visibility = "public", participation = "", depends = "", groups = "" }, { name = "nim-agents", path = "../nim-agents", coord_kind = "vcs", url = "https://github.com/metacraft-labs/nim-agents", ref = "dev", revision = "348c7ca4ad0298a7e0b2041a4ddeb8d61c630150", integrity = "git-sha1:348c7ca4ad0298a7e0b2041a4ddeb8d61c630150", version = "", visibility = "public", participation = "", depends = "", groups = "" }, { name = "nim-everywhere", path = "../nim-everywhere", coord_kind = "vcs", url = "https://github.com/metacraft-labs/nim-everywhere", ref = "dev", revision = "5ac622ca0acce054089fb9204fd18eea8354cd3f", integrity = "git-sha1:5ac622ca0acce054089fb9204fd18eea8354cd3f", version = "", visibility = "public", participation = "", depends = "", groups = "" }]
