schema = "reprobuild.solved-graph-lock.v2"

[lock]
platform = "amd64-linux"
optimal = false
inputs_digest = "fnv1a64:dde4f011b26cef50"
variants = []
packages = [{ name = "attic-client", version = "0.0.0", source = "attic-client", selection = "selected" }, { name = "basename", version = "1.0.0", source = "basename", selection = "selected" }, { name = "bash", version = "4.0.0", source = "bash", selection = "selected" }, { name = "bpftool", version = "0.0.0", source = "bpftool", selection = "selected" }, { name = "bpftrace", version = "0.0.0", source = "bpftrace", selection = "selected" }, { name = "capnp", version = "0.0.0", source = "capnp", selection = "selected" }, { name = "cargo", version = "1.85.0", source = "cargo", selection = "selected" }, { name = "cargo-nextest", version = "0.0.0", source = "cargo-nextest", selection = "selected" }, { name = "chmod", version = "1.0.0", source = "chmod", selection = "selected" }, { name = "clang", version = "1.0.0", source = "clang", selection = "selected" }, { name = "codeTracer", version = "0.1.0", source = "codeTracer", selection = "selected" }, { name = "cp", version = "1.0.0", source = "cp", selection = "selected" }, { name = "ctags", version = "0.0.0", source = "ctags", selection = "selected" }, { name = "curl", version = "0.0.0", source = "curl", selection = "selected" }, { name = "dirname", version = "1.0.0", source = "dirname", selection = "selected" }, { name = "dpkg", version = "0.0.0", source = "dpkg", selection = "selected" }, { name = "electron", version = "0.0.0", source = "electron", selection = "selected" }, { name = "emcc", version = "0.0.0", source = "emcc", selection = "selected" }, { name = "find", version = "1.0.0", source = "find", selection = "selected" }, { name = "flake8", version = "0.0.0", source = "flake8", selection = "selected" }, { name = "gcc", version = "12.0.0", source = "gcc", selection = "selected" }, { name = "gh", version = "0.0.0", source = "gh", selection = "selected" }, { name = "git", version = "2.0.0", source = "git", selection = "selected" }, { name = "grep", version = "1.0.0", source = "grep", selection = "selected" }, { name = "head", version = "1.0.0", source = "head", selection = "selected" }, { name = "isonim", version = "0.1.0", source = "isonim", selection = "selected" }, { name = "isonim-tui", version = "0.0.0", source = "isonim-tui", selection = "selected" }, { name = "just", version = "1.0.0", source = "just", selection = "selected" }, { name = "llvm-config", version = "0.0.0", source = "llvm-config", selection = "selected" }, { name = "mdbook", version = "0.0.0", source = "mdbook", selection = "selected" }, { name = "mkdir", version = "1.0.0", source = "mkdir", selection = "selected" }, { name = "mktemp", version = "1.0.0", source = "mktemp", selection = "selected" }, { name = "mv", version = "1.0.0", source = "mv", selection = "selected" }, { name = "nim", version = "2.0.0", source = "nim", selection = "selected" }, { name = "nim-acp", version = "0.0.0", source = "nim-acp", selection = "selected" }, { name = "nim-agent-harbor", version = "0.0.0", source = "nim-agent-harbor", selection = "selected" }, { name = "nim-agents", version = "0.0.0", source = "nim-agents", selection = "selected" }, { name = "nim-everywhere", version = "0.0.0", source = "nim-everywhere", selection = "selected" }, { name = "nimble", version = "0.0.0", source = "nimble", selection = "selected" }, { name = "nix", version = "2.0.0", source = "nix", selection = "selected" }, { name = "node", version = "20.0.0", source = "node", selection = "selected" }, { name = "npx", version = "0.0.0", source = "npx", selection = "selected" }, { name = "od", version = "1.0.0", source = "od", selection = "selected" }, { name = "openssl", version = "0.0.0", source = "openssl", selection = "selected" }, { name = "patchelf", version = "1.0.0", source = "patchelf", selection = "selected" }, { name = "pcre-config", version = "0.0.0", source = "pcre-config", selection = "selected" }, { name = "pkg-config", version = "0.0.0", source = "pkg-config", selection = "selected" }, { name = "playwright", version = "0.0.0", source = "playwright", selection = "selected" }, { name = "python3", version = "3.0.0", source = "python3", selection = "selected" }, { name = "readelf", version = "1.0.0", source = "readelf", selection = "selected" }, { name = "readlink", version = "1.0.0", source = "readlink", selection = "selected" }, { name = "rg", version = "0.0.0", source = "rg", selection = "selected" }, { name = "rm", version = "1.0.0", source = "rm", selection = "selected" }, { name = "ruby", version = "0.0.0", source = "ruby", selection = "selected" }, { name = "rust-analyzer", version = "0.0.0", source = "rust-analyzer", selection = "selected" }, { name = "rustc", version = "1.0.0", source = "rustc", selection = "selected" }, { name = "rustfmt", version = "1.0.0", source = "rustfmt", selection = "selected" }, { name = "rustup", version = "1.0.0", source = "rustup", selection = "selected" }, { name = "sed", version = "1.0.0", source = "sed", selection = "selected" }, { name = "sh", version = "1.0.0", source = "sh", selection = "selected" }, { name = "shellcheck", version = "0.0.0", source = "shellcheck", selection = "selected" }, { name = "sort", version = "1.0.0", source = "sort", selection = "selected" }, { name = "sqlite3", version = "0.0.0", source = "sqlite3", selection = "selected" }, { name = "tmux", version = "0.0.0", source = "tmux", selection = "selected" }, { name = "touch", version = "1.0.0", source = "touch", selection = "selected" }, { name = "tr", version = "1.0.0", source = "tr", selection = "selected" }, { name = "tree-sitter", version = "0.0.0", source = "tree-sitter", selection = "selected" }, { name = "tup", version = "0.0.0", source = "tup", selection = "selected" }, { name = "vim", version = "0.0.0", source = "vim", selection = "selected" }, { name = "wasm-opt", version = "0.0.0", source = "wasm-opt", selection = "selected" }, { name = "wasm-pack", version = "0.0.0", source = "wasm-pack", selection = "selected" }, { name = "wc", version = "1.0.0", source = "wc", selection = "selected" }, { name = "webpack-cli", version = "0.0.0", source = "webpack-cli", selection = "selected" }, { name = "wget", version = "0.0.0", source = "wget", selection = "selected" }, { name = "xdotool", version = "0.0.0", source = "xdotool", selection = "selected" }, { name = "xvfb-run", version = "0.0.0", source = "xvfb-run", selection = "selected" }, { name = "yarn", version = "1.0.0", source = "yarn", selection = "selected" }, { name = "zstd", version = "0.0.0", source = "zstd", selection = "selected" }]
deps = [{ name = "codetracer", path = ".", coord_kind = "vcs", url = "https://github.com/metacraft-labs/codetracer", ref = "agents", revision = "b79b3981f503c0d4396a1c1bea7ac04da8ecf55b", integrity = "git-sha1:b79b3981f503c0d4396a1c1bea7ac04da8ecf55b", version = "", visibility = "public", participation = "", depends = "isonim,isonim-tui,nim-everywhere,nim-agent-harbor,nim-agents,nim-acp,codetracer-beam-recorder,codetracer-js-recorder,codetracer-launcher,codetracer-native-backend,codetracer-native-recorder,codetracer-python-recorder,codetracer-ruby-recorder,codetracer-trace-format,codetracer-trace-format-nim,codetracer-visual-replay,codetracer-vscode-extension", tags = "" }, { name = "codetracer-beam-recorder", path = "../codetracer-beam-recorder", coord_kind = "vcs", url = "https://github.com/metacraft-labs/codetracer-beam-recorder", ref = "agents", revision = "404e9e43c93294e7f264af059da23e17c0f6e98b", integrity = "git-sha1:404e9e43c93294e7f264af059da23e17c0f6e98b", version = "", visibility = "public", participation = "", depends = "", tags = "" }, { name = "codetracer-js-recorder", path = "../codetracer-js-recorder", coord_kind = "vcs", url = "https://github.com/metacraft-labs/codetracer-js-recorder", ref = "agents", revision = "17ff607ad6bb38ff2db796cefe900bd54ba1e726", integrity = "git-sha1:17ff607ad6bb38ff2db796cefe900bd54ba1e726", version = "", visibility = "public", participation = "", depends = "", tags = "" }, { name = "codetracer-launcher", path = "../codetracer-launcher", coord_kind = "vcs", url = "https://github.com/metacraft-labs/codetracer-launcher", ref = "agents", revision = "9efd35257d84113e35bbddbff9ed555da29aef3c", integrity = "git-sha1:9efd35257d84113e35bbddbff9ed555da29aef3c", version = "", visibility = "public", participation = "", depends = "", tags = "" }, { name = "codetracer-native-backend", path = "../codetracer-native-backend", coord_kind = "vcs", url = "https://github.com/metacraft-labs/codetracer-native-backend", ref = "agents", revision = "2340d09c99040a48664ebe510adba813a6e2ae45", integrity = "git-sha1:2340d09c99040a48664ebe510adba813a6e2ae45", version = "", visibility = "public", participation = "", depends = "", tags = "" }, { name = "codetracer-native-recorder", path = "../codetracer-native-recorder", coord_kind = "vcs", url = "https://github.com/metacraft-labs/codetracer-native-recorder", ref = "agents", revision = "44121c912fd169a1294c2adcec75fee5c2b9c989", integrity = "git-sha1:44121c912fd169a1294c2adcec75fee5c2b9c989", version = "", visibility = "public", participation = "", depends = "", tags = "" }, { name = "codetracer-python-recorder", path = "../codetracer-python-recorder", coord_kind = "vcs", url = "https://github.com/metacraft-labs/codetracer-python-recorder", ref = "agents", revision = "c4c2cbb85f0a2f64762cb1269ddcac5d5d258c07", integrity = "git-sha1:c4c2cbb85f0a2f64762cb1269ddcac5d5d258c07", version = "", visibility = "public", participation = "", depends = "", tags = "" }, { name = "codetracer-ruby-recorder", path = "../codetracer-ruby-recorder", coord_kind = "vcs", url = "https://github.com/metacraft-labs/codetracer-ruby-recorder", ref = "agents", revision = "b798c43bdee5ee1fb1030ba8d1fc6cb436ba1c2f", integrity = "git-sha1:b798c43bdee5ee1fb1030ba8d1fc6cb436ba1c2f", version = "", visibility = "public", participation = "", depends = "", tags = "" }, { name = "codetracer-trace-format", path = "../codetracer-trace-format", coord_kind = "vcs", url = "https://github.com/metacraft-labs/codetracer-trace-format", ref = "agents", revision = "d7454a31bb97278fa502d77cda42bf41206f9a1f", integrity = "git-sha1:d7454a31bb97278fa502d77cda42bf41206f9a1f", version = "", visibility = "public", participation = "", depends = "", tags = "" }, { name = "codetracer-trace-format-nim", path = "../codetracer-trace-format-nim", coord_kind = "vcs", url = "https://github.com/metacraft-labs/codetracer-trace-format-nim", ref = "agents", revision = "6ebd7dbd70d834e0f9af0dd03e0394dd37788191", integrity = "git-sha1:6ebd7dbd70d834e0f9af0dd03e0394dd37788191", version = "", visibility = "public", participation = "", depends = "", tags = "" }, { name = "codetracer-visual-replay", path = "../codetracer-visual-replay", coord_kind = "vcs", url = "https://github.com/metacraft-labs/codetracer-visual-replay", ref = "agents", revision = "96053fa0d726e306cd0af8727dcdeaa060ccd328", integrity = "git-sha1:96053fa0d726e306cd0af8727dcdeaa060ccd328", version = "", visibility = "public", participation = "", depends = "", tags = "" }, { name = "codetracer-vscode-extension", path = "../codetracer-vscode-extension", coord_kind = "vcs", url = "https://github.com/metacraft-labs/codetracer-vscode-extension", ref = "agents", revision = "dec8a71031342451b214320ed894d8e46959e747", integrity = "git-sha1:dec8a71031342451b214320ed894d8e46959e747", version = "", visibility = "public", participation = "", depends = "", tags = "" }, { name = "isonim", path = "../isonim", coord_kind = "vcs", url = "https://github.com/metacraft-labs/isonim", ref = "agents", revision = "45673bbabb207773d307ddc39041b46dc79ce751", integrity = "git-sha1:45673bbabb207773d307ddc39041b46dc79ce751", version = "", visibility = "public", participation = "", depends = "", tags = "" }, { name = "isonim-tui", path = "../isonim-tui", coord_kind = "vcs", url = "https://github.com/metacraft-labs/isonim-tui", ref = "agents", revision = "6ad4903fa9654d3cdbe0b14a947eb9d25233fe70", integrity = "git-sha1:6ad4903fa9654d3cdbe0b14a947eb9d25233fe70", version = "", visibility = "public", participation = "", depends = "", tags = "" }, { name = "nim-acp", path = "../nim-acp", coord_kind = "vcs", url = "https://github.com/metacraft-labs/nim-acp", ref = "agents", revision = "d894960d22c7174ec71808669fd986871a376b5f", integrity = "git-sha1:d894960d22c7174ec71808669fd986871a376b5f", version = "", visibility = "public", participation = "", depends = "", tags = "" }, { name = "nim-agent-harbor", path = "../nim-agent-harbor", coord_kind = "vcs", url = "https://github.com/metacraft-labs/nim-agent-harbor", ref = "agents", revision = "3753c7267834902c3bd292a42e1c9f770988c003", integrity = "git-sha1:3753c7267834902c3bd292a42e1c9f770988c003", version = "", visibility = "public", participation = "", depends = "", tags = "" }, { name = "nim-agents", path = "../nim-agents", coord_kind = "vcs", url = "https://github.com/metacraft-labs/nim-agents", ref = "agents", revision = "3809eba4b658f35939a25b34bd291fa57cd1ce5b", integrity = "git-sha1:3809eba4b658f35939a25b34bd291fa57cd1ce5b", version = "", visibility = "public", participation = "", depends = "", tags = "" }, { name = "nim-everywhere", path = "../nim-everywhere", coord_kind = "vcs", url = "https://github.com/metacraft-labs/nim-everywhere", ref = "agents", revision = "b4e2b6aad6858e0494fdfc200ddfe715e2367071", integrity = "git-sha1:b4e2b6aad6858e0494fdfc200ddfe715e2367071", version = "", visibility = "public", participation = "", depends = "", tags = "" }]
