# THIS IS AN AUTOGENERATED FILE. DO NOT EDIT THIS FILE DIRECTLY.
# yarn lockfile v1


"@playwright/test@^1.48.1":
  version "1.58.0"
  resolved "https://registry.npmjs.org/@playwright/test/-/test-1.58.0.tgz"
  integrity sha512-fWza+Lpbj6SkQKCrU6si4iu+fD2dD3gxNHFhUPxsfXBPhnv3rRSQVd0NtBUT9Z/RhF/boCBcuUaMUSTRTopjZg==
  dependencies:
    playwright "1.58.0"

playwright-core@1.58.0:
  version "1.58.0"
  resolved "https://registry.npmjs.org/playwright-core/-/playwright-core-1.58.0.tgz"
  integrity sha512-aaoB1RWrdNi3//rOeKuMiS65UCcgOVljU46At6eFcOFPFHWtd2weHRRow6z/n+Lec0Lvu0k9ZPKJSjPugikirw==

playwright@1.58.0:
  version "1.58.0"
  resolved "https://registry.npmjs.org/playwright/-/playwright-1.58.0.tgz"
  integrity sha512-2SVA0sbPktiIY/MCOPX8e86ehA/e+tDNq+e5Y8qjKYti2Z/JG7xnronT/TXTIkKbYGWlCbuucZ6dziEgkoEjQQ==
  dependencies:
    playwright-core "1.58.0"
  optionalDependencies:
    fsevents "2.3.2"

typescript@^5.0.0:
  version "5.9.3"
  resolved "https://registry.npmjs.org/typescript/-/typescript-5.9.3.tgz"
  integrity sha512-jl1vZzPDinLr9eUt3J/t7V6FgNEw9QjvBPdysz9KfQDD41fQrC2Y4vKQdiaUpFT4bXlb1RHhLpp8wtm6M5TgSw==
