# Publish the workspace lock for a mainline commit GitHub created.
#
# WHY THIS WORKFLOW EXISTS
# ------------------------
# Every commit that leaves a developer's workspace is locked by the local
# pre-push gate, which publishes `locks/<project>/codetracer/<sha>.toml` to the
# manifests repo. That gate is the reproducibility boundary and it stays the
# boundary — this workflow creates no lock and resolves no sibling.
#
# It exists because this repo is PR-based, and there is exactly one class of
# commit the pre-push gate structurally cannot reach: the one GitHub creates
# server-side when a pull request lands. Merge, squash or rebase, the result is
# a brand-new SHA that no hook ever saw. Measured on `dev`: of the last 30
# first-parent commits, ZERO carry a lock.
#
# A SECOND GAP THIS DOES NOT CLOSE. Only a minority of pull request heads carry
# a lock either — 4 of the last 24 merged here. That is a hook-COVERAGE gap: a
# branch pushed from a checkout without the managed hooks (or with
# `--no-verify`) never reaches the pre-push gate, and no server-side
# re-anchoring can invent a record that was never produced. Such a merge fails
# this job by name, with the remedy, rather than passing quietly — the same
# policy `workspace-lock-freshness` already applies to the same condition.
#
# `clone-siblings` probes exactly those commits — `pull_request` ->
# `base.sha`, `push` -> `github.sha` — with `--no-walk`, so until this workflow
# ran, every job in this repo that needs a sibling revision died at
# "No workspace lock for codetracer" before reaching a build. That is not a
# theoretical loss: a five-site compile break sat on `dev` while every CI run
# failed earlier, for this reason, and nothing ever reached the compiler that
# would have reported it.
#
# WHAT IT PUBLISHES
# -----------------
# The PR HEAD's lock, re-anchored onto the mainline commit: every sibling pin
# copied verbatim, and precisely one field changed — the record's own
# coordinate. That is the sibling set the change was developed and pushed
# against, and it is the one that carries a sibling bump the PR itself made.
# Resolving the mainline commit against its ANCESTRY instead would answer with
# pins that predate the merge, which is exactly wrong for such a PR.
#
# OPERATIONAL PREREQUISITE
# ------------------------
# The CI App token must have CONTENTS: WRITE on metacraft-labs/metacraft-manifests.
# Everything else this workflow needs is read-only. Without it the action fails
# at the push with git's own authentication error, which is loud but obscure —
# so if this job starts failing on `git push` and nothing else changed, check
# the App's repository permissions first.
name: publish workspace lock

on:
  # POST-MERGE ON THE REAL MAINLINE HEAD. This is the trigger that actually
  # keeps `dev` locked, and it exists because `pull_request_target` alone never
  # did.
  #
  # WHY pull_request_target was insufficient. `dev`'s history is LINEAR: its
  # commits arrive by direct push from a workspace or by rebase-merge, not as
  # GitHub-created merge commits, and many arrive with no pull request at all.
  # `pull_request_target: closed` fires for none of those — a direct push is not
  # a pull-request event, and a rebase-merge's mainline SHAs are not the PR head
  # this workflow re-anchors from. Measured: since this workflow landed on
  # `dev`, `pull_request_target` produced ZERO runs, and every mainline commit
  # had its lock published by hand. A `push` to `dev` is the ONE event that
  # fires for every way a commit reaches the branch, on the real post-merge
  # HEAD, in the repo's own write context.
  #
  # WHAT IT RE-ANCHORS. On push, `github.sha` is the new mainline HEAD (target)
  # and `github.event.before` is the branch's PREVIOUS tip — the commit the
  # prior push run already published a lock for. So each push re-anchors the
  # previous HEAD's lock onto the new HEAD: the same forward carry the operator
  # was doing by hand, now automatic. The chain is self-sustaining as long as
  # the current HEAD is locked; a one-time re-anchor of the last published lock
  # onto HEAD bootstraps it. Note the DELIBERATE limitation shared with any
  # ancestry-based carry: if a pushed commit BUMPED a sibling, the carried set
  # predates that bump. The `pull_request_target` path below stays for exactly
  # that case (it reads the PR HEAD's own lock, which carries the bump); when a
  # bump PR is merged through the GitHub UI both fire, the concurrency queue
  # serialises them, and the immutability check keeps the PR-HEAD answer.
  #
  # This runs with the repository's own `GITHUB_TOKEN`-equivalent write context,
  # then mints the CI App token below exactly as the PR path does.
  push:
    branches: [dev]

  # `pull_request_target`, not `pull_request`: this repo is public, so a fork's
  # pull request would otherwise run without the credential this job needs, and
  # a merged fork PR is precisely a mainline commit that nothing locked. The
  # usual objection to `pull_request_target` does not apply here — no PR
  # content is checked out and none is executed. This workflow reads two SHAs
  # from the event payload and calls a pinned action from the base branch; the
  # workflow definition itself also comes from the base branch, so a fork
  # cannot alter it.
  #
  # It is kept ALONGSIDE `push` for the one case `push` carries wrong: a merged
  # pull request that bumped a sibling, where the PR HEAD's lock is the correct
  # source and the branch's previous tip is not. For a fork PR it is also the
  # only path that runs with a credential at all.
  pull_request_target:
    types: [closed]
    branches: [dev, stable]

  # Backfill. Every mainline commit that landed before this workflow existed is
  # still unlocked, and so is any commit whose publish failed transiently. This
  # is how one is repaired, with both SHAs stated explicitly rather than
  # guessed.
  workflow_dispatch:
    inputs:
      source-sha:
        description: "The PR head commit whose published lock supplies the sibling set (40-hex)."
        required: true
      target-sha:
        description: "The mainline commit to publish the lock for (40-hex)."
        required: true
      base-ref:
        description: "The mainline branch target-sha must be an ancestor of."
        required: true
        default: dev

permissions:
  contents: read

# Serialise this repo's publishers. The action recovers from a lost push race
# on its own — records are commit-addressed, so concurrent publishers write
# disjoint paths — but a queue turns the common case into no race at all.
# `cancel-in-progress` MUST stay false: two merges seconds apart must both end
# up locked, and cancelling the first would leave its mainline commit unlocked
# forever.
concurrency:
  group: publish-workspace-lock-codetracer
  cancel-in-progress: false

jobs:
  publish:
    # A pull request that was CLOSED without merging created no mainline
    # commit, and `merge_commit_sha` on such a payload names nothing that
    # landed. A push whose `before` is the all-zero SHA is a branch CREATION —
    # there is no previous tip to re-anchor a lock from, so there is nothing to
    # carry forward.
    if: >-
      github.event_name == 'workflow_dispatch' ||
      github.event.pull_request.merged == true ||
      (github.event_name == 'push' &&
       github.event.before != '0000000000000000000000000000000000000000')
    runs-on: ubuntu-latest
    steps:
      - name: Generate CI token
        id: ci_token
        uses: actions/create-github-app-token@v2
        with:
          app-id: ${{ secrets.CI_TOKEN_PROVIDER_APP_ID }}
          private-key: ${{ secrets.CI_TOKEN_PROVIDER_PRIVATE_KEY }}
          owner: metacraft-labs

      - name: Publish the workspace lock
        uses: metacraft-labs/metacraft-github-actions/publish-workspace-lock@dev
        with:
          gh-token: ${{ steps.ci_token.outputs.token }}
          repo: metacraft-labs/codetracer
          # On push the sibling set is carried from the branch's PREVIOUS tip
          # (`github.event.before`, already locked by the prior run) onto the
          # new HEAD (`github.sha`); on a merged PR it comes from the PR HEAD's
          # own lock onto the merge commit; workflow_dispatch states both SHAs.
          source-sha: >-
            ${{ github.event.inputs.source-sha
                || (github.event_name == 'push' && github.event.before)
                || github.event.pull_request.head.sha }}
          target-sha: >-
            ${{ github.event.inputs.target-sha
                || (github.event_name == 'push' && github.sha)
                || github.event.pull_request.merge_commit_sha }}
          base-ref: >-
            ${{ github.event.inputs.base-ref
                || (github.event_name == 'push' && github.ref_name)
                || github.event.pull_request.base.ref }}
          provenance: >-
            ${{ github.event_name == 'workflow_dispatch'
                && 'a manual backfill'
                || (github.event_name == 'push'
                    && format('a push to {0}', github.ref_name))
                || format('pull request #{0}', github.event.pull_request.number) }}
